{
  "packages": [
    {
      "name": "symfony/polyfill-ctype",
      "version": "v1.37.0",
      "source": {
        "type": "git",
        "url": "https://github.com/symfony/polyfill-ctype.git",
        "reference": "141046a8f9477948ff284fa65be2095baafb94f2"
      },
      "dist": {
        "type": "zip",
        "url": "https://api.github.com/repos/symfony/polyfill-ctype/zipball/141046a8f9477948ff284fa65be2095baafb94f2",
        "reference": "141046a8f9477948ff284fa65be2095baafb94f2",
        "shasum": ""
      },
      "require": {
        "php": ">=7.2"
      },
      "provide": {
        "ext-ctype": "*"
      },
      "suggest": {
        "ext-ctype": "For best performance"
      },
      "type": "library",
      "extra": {
        "thanks": {
          "url": "https://github.com/symfony/polyfill",
          "name": "symfony/polyfill"
        }
      },
      "autoload": {
        "files": [
          "bootstrap.php"
        ],
        "psr-4": {
          "Symfony\\Polyfill\\Ctype\\": ""
        }
      },
      "notification-url": "https://packagist.org/downloads/",
      "license": [
        "MIT"
      ],
      "authors": [
        {
          "name": "Gert de Pagter",
          "email": "BackEndTea@gmail.com"
        },
        {
          "name": "Symfony Community",
          "homepage": "https://symfony.com/contributors"
        }
      ],
      "description": "Symfony polyfill for ctype functions",
      "homepage": "https://symfony.com",
      "keywords": [
        "compatibility",
        "ctype",
        "polyfill",
        "portable"
      ],
      "support": {
        "source": "https://github.com/symfony/polyfill-ctype/tree/v1.37.0"
      },
      "funding": [
        {
          "url": "https://symfony.com/sponsor",
          "type": "custom"
        },
        {
          "url": "https://github.com/fabpot",
          "type": "github"
        },
        {
          "url": "https://github.com/nicolas-grekas",
          "type": "github"
        },
        {
          "url": "https://tidelift.com/funding/github/packagist/symfony/symfony",
          "type": "tidelift"
        }
      ],
      "time": "2026-04-10T16:19:22+00:00"
    },
    {
      "name": "socialiteproviders/discord",
      "version": "4.2.0",
      "source": {
        "type": "git",
        "url": "https://github.com/SocialiteProviders/Discord.git",
        "reference": "c71c379acfdca5ba4aa65a3db5ae5222852a919c"
      },
      "dist": {
        "type": "zip",
        "url": "https://api.github.com/repos/SocialiteProviders/Discord/zipball/c71c379acfdca5ba4aa65a3db5ae5222852a919c",
        "reference": "c71c379acfdca5ba4aa65a3db5ae5222852a919c",
        "shasum": ""
      },
      "require": {
        "ext-json": "*",
        "php": "^7.4 || ^8.0",
        "socialiteproviders/manager": "~4.0"
      },
      "type": "library",
      "autoload": {
        "psr-4": {
          "SocialiteProviders\\Discord\\": ""
        }
      },
      "notification-url": "https://packagist.org/downloads/",
      "license": [
        "MIT"
      ],
      "authors": [
        {
          "name": "Christopher Eklund",
          "email": "eklundchristopher@gmail.com"
        }
      ],
      "description": "Discord OAuth2 Provider for Laravel Socialite",
      "keywords": [
        "discord",
        "laravel",
        "oauth",
        "provider",
        "socialite"
      ],
      "support": {
        "docs": "https://socialiteproviders.com/discord",
        "issues": "https://github.com/socialiteproviders/providers/issues",
        "source": "https://github.com/socialiteproviders/providers"
      },
      "time": "2023-07-24T23:28:47+00:00"
    },
    {
      "name": "socialiteproviders/gitlab",
      "version": "4.1.0",
      "source": {
        "type": "git",
        "url": "https://github.com/SocialiteProviders/GitLab.git",
        "reference": "a8f67d3b02c9ee8c70c25c6728417c0eddcbbb9d"
      },
      "dist": {
        "type": "zip",
        "url": "https://api.github.com/repos/SocialiteProviders/GitLab/zipball/a8f67d3b02c9ee8c70c25c6728417c0eddcbbb9d",
        "reference": "a8f67d3b02c9ee8c70c25c6728417c0eddcbbb9d",
        "shasum": ""
      },
      "require": {
        "ext-json": "*",
        "php": "^7.2 || ^8.0",
        "socialiteproviders/manager": "~4.0"
      },
      "type": "library",
      "autoload": {
        "psr-4": {
          "SocialiteProviders\\GitLab\\": ""
        }
      },
      "notification-url": "https://packagist.org/downloads/",
      "license": [
        "MIT"
      ],
      "authors": [
        {
          "name": "Christoffer Martinsen",
          "email": "christoffermartinsen@gmail.com"
        }
      ],
      "description": "GitLab OAuth2 Provider for Laravel Socialite",
      "support": {
        "source": "https://github.com/SocialiteProviders/GitLab/tree/4.1.0"
      },
      "time": "2020-12-01T23:10:59+00:00"
    },
    {
      "name": "guzzlehttp/guzzle",
      "version": "7.15.5",
      "source": {
        "type": "git",
        "url": "https://github.com/guzzle/guzzle.git",
        "reference": "ee80339fd9177ba44c49cdb653ff02a4d1106b9a"
      },
      "dist": {
        "type": "zip",
        "url": "https://api.github.com/repos/guzzle/guzzle/zipball/ee80339fd9177ba44c49cdb653ff02a4d1106b9a",
        "reference": "ee80339fd9177ba44c49cdb653ff02a4d1106b9a",
        "shasum": ""
      },
      "require": {
        "ext-json": "*",
        "guzzlehttp/promises": "^2.5.3",
        "guzzlehttp/psr7": "^2.13.1",
        "php": "^7.2.5 || ^8.0",
        "psr/http-client": "^1.0",
        "symfony/deprecation-contracts": "^2.5 || ^3.0",
        "symfony/polyfill-php80": "^1.25"
      },
      "provide": {
        "psr/http-client-implementation": "1.0"
      },
      "require-dev": {
        "bamarni/composer-bin-plugin": "^1.8.2",
        "ext-curl": "*",
        "guzzle/client-integration-tests": "3.0.3",
        "guzzlehttp/test-server": "^0.7",
        "php-http/message-factory": "^1.1",
        "phpunit/phpunit": "^8.5.52 || ^9.6.34",
        "psr/log": "^1.1 || ^2.0 || ^3.0"
      },
      "suggest": {
        "ext-curl": "Required for CURL handler support",
        "ext-intl": "Required for Internationalized Domain Name (IDN) support",
        "psr/log": "Required for using the Log middleware"
      },
      "type": "library",
      "extra": {
        "bamarni-bin": {
          "bin-links": true,
          "forward-command": false
        }
      },
      "autoload": {
        "files": [
          "src/functions_include.php"
        ],
        "psr-4": {
          "GuzzleHttp\\": "src/"
        }
      },
      "notification-url": "https://packagist.org/downloads/",
      "license": [
        "MIT"
      ],
      "authors": [
        {
          "name": "Graham Campbell",
          "email": "hello@gjcampbell.co.uk",
          "homepage": "https://github.com/GrahamCampbell"
        },
        {
          "name": "Michael Dowling",
          "email": "mtdowling@gmail.com",
          "homepage": "https://github.com/mtdowling"
        },
        {
          "name": "Jeremy Lindblom",
          "email": "jeremeamia@gmail.com",
          "homepage": "https://github.com/jeremeamia"
        },
        {
          "name": "George Mponos",
          "email": "gmponos@gmail.com",
          "homepage": "https://github.com/gmponos"
        },
        {
          "name": "Tobias Nyholm",
          "email": "tobias.nyholm@gmail.com",
          "homepage": "https://github.com/Nyholm"
        },
        {
          "name": "Márk Sági-Kazár",
          "email": "mark.sagikazar@gmail.com",
          "homepage": "https://github.com/sagikazarmark"
        },
        {
          "name": "Tobias Schultze",
          "email": "webmaster@tubo-world.de",
          "homepage": "https://github.com/Tobion"
        }
      ],
      "description": "Guzzle is a PHP HTTP client library",
      "keywords": [
        "client",
        "curl",
        "framework",
        "http",
        "http client",
        "psr-18",
        "psr-7",
        "rest",
        "web service"
      ],
      "support": {
        "issues": "https://github.com/guzzle/guzzle/issues",
        "source": "https://github.com/guzzle/guzzle/tree/7.15.5"
      },
      "funding": [
        {
          "url": "https://github.com/GrahamCampbell",
          "type": "github"
        },
        {
          "url": "https://github.com/Nyholm",
          "type": "github"
        },
        {
          "url": "https://tidelift.com/funding/github/packagist/guzzlehttp/guzzle",
          "type": "tidelift"
        }
      ],
      "time": "2026-08-24T09:21:06+00:00"
    }
  ],
  "packages-dev": []
}
